
Microsoft Visual Studio Solution File, Format Version 12.00
# Visual Studio Version 16
VisualStudioVersion = 16.0.29609.76
MinimumVisualStudioVersion = 10.0.40219.1
Project("{FAE04EC0-301F-11D3-BF4B-00C04F79EFBC}") = "FileSearcher", "FileSearcher\FileSearcher.csproj", "{60626B5B-D9AF-4516-9CCF-04DF81E87A78}"
EndProject
Project("{FAE04EC0-301F-11D3-BF4B-00C04F79EFBC}") = "ConsoleApp1", "ConsoleApp1\ConsoleApp1.csproj", "{86AE54FB-110E-4A24-A2D7-708F07771715}"
EndProject
Project("{FAE04EC0-301F-11D3-BF4B-00C04F79EFBC}") = "ApmoTests", "ApmoTests\ApmoTests.csproj", "{7AF7CD27-94B2-4AAD-9485-9E0A47FA1CD8}"
EndProject
Global
	GlobalSection(SolutionConfigurationPlatforms) = preSolution
		Debug|Any CPU = Debug|Any CPU
		Release|Any CPU = Release|Any CPU
	EndGlobalSection
	GlobalSection(ProjectConfigurationPlatforms) = postSolution
		{60626B5B-D9AF-4516-9CCF-04DF81E87A78}.Debug|Any CPU.ActiveCfg = Debug|Any CPU
		{60626B5B-D9AF-4516-9CCF-04DF81E87A78}.Debug|Any CPU.Build.0 = Debug|Any CPU
		{60626B5B-D9AF-4516-9CCF-04DF81E87A78}.Release|Any CPU.ActiveCfg = Release|Any CPU
		{60626B5B-D9AF-4516-9CCF-04DF81E87A78}.Release|Any CPU.Build.0 = Release|Any CPU
		{86AE54FB-110E-4A24-A2D7-708F07771715}.Debug|Any CPU.ActiveCfg = Debug|Any CPU
		{86AE54FB-110E-4A24-A2D7-708F07771715}.Debug|Any CPU.Build.0 = Debug|Any CPU
		{86AE54FB-110E-4A24-A2D7-708F07771715}.Release|Any CPU.ActiveCfg = Release|Any CPU
		{86AE54FB-110E-4A24-A2D7-708F07771715}.Release|Any CPU.Build.0 = Release|Any CPU
		{7AF7CD27-94B2-4AAD-9485-9E0A47FA1CD8}.Debug|Any CPU.ActiveCfg = Debug|Any CPU
		{7AF7CD27-94B2-4AAD-9485-9E0A47FA1CD8}.Debug|Any CPU.Build.0 = Debug|Any CPU
		{7AF7CD27-94B2-4AAD-9485-9E0A47FA1CD8}.Release|Any CPU.ActiveCfg = Release|Any CPU
		{7AF7CD27-94B2-4AAD-9485-9E0A47FA1CD8}.Release|Any CPU.Build.0 = Release|Any CPU
	EndGlobalSection
	GlobalSection(SolutionProperties) = preSolution
		HideSolutionNode = FALSE
	EndGlobalSection
	GlobalSection(ExtensibilityGlobals) = postSolution
		SolutionGuid = {659E1CAA-796A-41ED-808A-8660B618CFAE}
	EndGlobalSection
EndGlobal
